
Microsoft Visual Studio Solution File, Format Version 12.00
# Visual Studio Version 17
VisualStudioVersion = 17.7.34024.191
MinimumVisualStudioVersion = 10.0.40219.1
Project("{FAE04EC0-301F-11D3-BF4B-00C04F79EFBC}") = "sixth_c_sharp_practo", "sixth_c_sharp_practo\sixth_c_sharp_practo.csproj", "{3626E930-3442-41B9-8523-7BEF3371F2B5}"
EndProject
Global
	GlobalSection(SolutionConfigurationPlatforms) = preSolution
		Debug|Any CPU = Debug|Any CPU
		Release|Any CPU = Release|Any CPU
	EndGlobalSection
	GlobalSection(ProjectConfigurationPlatforms) = postSolution
		{3626E930-3442-41B9-8523-7BEF3371F2B5}.Debug|Any CPU.ActiveCfg = Debug|Any CPU
		{3626E930-3442-41B9-8523-7BEF3371F2B5}.Debug|Any CPU.Build.0 = Debug|Any CPU
		{3626E930-3442-41B9-8523-7BEF3371F2B5}.Release|Any CPU.ActiveCfg = Release|Any CPU
		{3626E930-3442-41B9-8523-7BEF3371F2B5}.Release|Any CPU.Build.0 = Release|Any CPU
	EndGlobalSection
	GlobalSection(SolutionProperties) = preSolution
		HideSolutionNode = FALSE
	EndGlobalSection
	GlobalSection(ExtensibilityGlobals) = postSolution
		SolutionGuid = {E9F99B72-47C0-4F04-B4D8-B70C0E80D9A4}
	EndGlobalSection
EndGlobal
